
Microsoft Visual Studio Solution File, Format Version 12.00
# Visual Studio 2013
VisualStudioVersion = 12.0.31101.0
MinimumVisualStudioVersion = 10.0.40219.1
Project("{FAE04EC0-301F-11D3-BF4B-00C04F79EFBC}") = "TrocaManuais.Web", "TrocaManuais.Web\TrocaManuais.Web.csproj", "{8A90ED8F-B884-4ECF-9018-B42B854A8E80}"
EndProject
Project("{2150E333-8FDC-42A3-9474-1A3956D46DE8}") = ".nuget", ".nuget", "{E12FD5FA-99D3-4B18-98FA-87473AD4C343}"
	ProjectSection(SolutionItems) = preProject
		.nuget\packages.config = .nuget\packages.config
	EndProjectSection
EndProject
Global
	GlobalSection(SolutionConfigurationPlatforms) = preSolution
		Debug|Any CPU = Debug|Any CPU
		Release|Any CPU = Release|Any CPU
	EndGlobalSection
	GlobalSection(ProjectConfigurationPlatforms) = postSolution
		{8A90ED8F-B884-4ECF-9018-B42B854A8E80}.Debug|Any CPU.ActiveCfg = Debug|Any CPU
		{8A90ED8F-B884-4ECF-9018-B42B854A8E80}.Debug|Any CPU.Build.0 = Debug|Any CPU
		{8A90ED8F-B884-4ECF-9018-B42B854A8E80}.Release|Any CPU.ActiveCfg = Release|Any CPU
		{8A90ED8F-B884-4ECF-9018-B42B854A8E80}.Release|Any CPU.Build.0 = Release|Any CPU
	EndGlobalSection
	GlobalSection(SolutionProperties) = preSolution
		HideSolutionNode = FALSE
	EndGlobalSection
EndGlobal
